
Microsoft Visual Studio Solution File, Format Version 12.00
# Visual Studio Version 16
VisualStudioVersion = 16.0.30114.105
MinimumVisualStudioVersion = 10.0.40219.1
Project("{FAE04EC0-301F-11D3-BF4B-00C04F79EFBC}") = "FileUploads", "FileUploads\FileUploads.csproj", "{AA5F9559-F7CB-4966-995C-A6CC3ADB1070}"
EndProject
Global
	GlobalSection(SolutionConfigurationPlatforms) = preSolution
		Debug|Any CPU = Debug|Any CPU
		Release|Any CPU = Release|Any CPU
	EndGlobalSection
	GlobalSection(ProjectConfigurationPlatforms) = postSolution
		{AA5F9559-F7CB-4966-995C-A6CC3ADB1070}.Debug|Any CPU.ActiveCfg = Debug|Any CPU
		{AA5F9559-F7CB-4966-995C-A6CC3ADB1070}.Debug|Any CPU.Build.0 = Debug|Any CPU
		{AA5F9559-F7CB-4966-995C-A6CC3ADB1070}.Release|Any CPU.ActiveCfg = Release|Any CPU
		{AA5F9559-F7CB-4966-995C-A6CC3ADB1070}.Release|Any CPU.Build.0 = Release|Any CPU
	EndGlobalSection
	GlobalSection(SolutionProperties) = preSolution
		HideSolutionNode = FALSE
	EndGlobalSection
	GlobalSection(ExtensibilityGlobals) = postSolution
		SolutionGuid = {06C539ED-0C7A-4CE2-8721-CA37EC987075}
	EndGlobalSection
EndGlobal
