
Microsoft Visual Studio Solution File, Format Version 12.00
# Visual Studio Version 16
VisualStudioVersion = 16.0.30011.22
MinimumVisualStudioVersion = 10.0.40219.1
Project("{FAE04EC0-301F-11D3-BF4B-00C04F79EFBC}") = "WebcamTracker", "WebcamTracker\WebcamTracker.csproj", "{828C874C-81AF-4E91-8848-CC0C90324433}"
EndProject
Global
	GlobalSection(SolutionConfigurationPlatforms) = preSolution
		Debug|Any CPU = Debug|Any CPU
		Release|Any CPU = Release|Any CPU
	EndGlobalSection
	GlobalSection(ProjectConfigurationPlatforms) = postSolution
		{828C874C-81AF-4E91-8848-CC0C90324433}.Debug|Any CPU.ActiveCfg = Debug|Any CPU
		{828C874C-81AF-4E91-8848-CC0C90324433}.Debug|Any CPU.Build.0 = Debug|Any CPU
		{828C874C-81AF-4E91-8848-CC0C90324433}.Release|Any CPU.ActiveCfg = Release|Any CPU
		{828C874C-81AF-4E91-8848-CC0C90324433}.Release|Any CPU.Build.0 = Release|Any CPU
	EndGlobalSection
	GlobalSection(SolutionProperties) = preSolution
		HideSolutionNode = FALSE
	EndGlobalSection
	GlobalSection(ExtensibilityGlobals) = postSolution
		SolutionGuid = {AB332AC8-5A3C-43AD-B7DC-31D93957F5C5}
	EndGlobalSection
EndGlobal
